{
  "requires": true,
  "lockfileVersion": 1,
  "dependencies": {
    "fast-speedtest-api": {
      "version": "0.3.2",
      "resolved": "https://registry.npmjs.org/fast-speedtest-api/-/fast-speedtest-api-0.3.2.tgz",
      "integrity": "sha512-QEfo3wytVo3x/ds4grti1nJUGZhmgdX9OpQbkXc6levJamjUFenb1SdbiVYhrTx27pvOAHSJOAXMu62K0dIEDQ=="
    },
    "fast.js": {
      "version": "0.1.1",
      "resolved": "https://registry.npmjs.org/fast.js/-/fast.js-0.1.1.tgz",
      "integrity": "sha1-fAJNVa4USIL7zuRLeQBf4tyr2f4="
    }
  }
}
